
Microsoft Visual Studio Solution File, Format Version 12.00
# Visual Studio Version 17
VisualStudioVersion = 17.4.33213.308
MinimumVisualStudioVersion = 10.0.40219.1
Project("{9A19103F-16F7-4668-BE54-9A1E7A4F7556}") = "Task_13_1_4", "Task_13_1_4\Task_13_1_4.csproj", "{3B9D0225-97F5-4A76-A636-4612553FE1CD}"
EndProject
Project("{9A19103F-16F7-4668-BE54-9A1E7A4F7556}") = "Task_13_1_6", "Task_13_1_6\Task_13_1_6.csproj", "{4E43D864-7C4C-429D-B9BF-362CDBD98C27}"
EndProject
Project("{9A19103F-16F7-4668-BE54-9A1E7A4F7556}") = "Task_13_2_5", "Task_13_2_5\Task_13_2_5.csproj", "{A8B501C6-23AE-4403-810A-5486C554966F}"
EndProject
Project("{9A19103F-16F7-4668-BE54-9A1E7A4F7556}") = "Task_13_2_6", "Task_13_2_6\Task_13_2_6.csproj", "{C6B721AC-258B-4387-BCCC-AF866F107C9F}"
EndProject
Project("{9A19103F-16F7-4668-BE54-9A1E7A4F7556}") = "Task_13_3_4", "Task_13_3_4\Task_13_3_4.csproj", "{C703FEF7-AA31-4EA2-BE09-BA883366AB8B}"
EndProject
Project("{9A19103F-16F7-4668-BE54-9A1E7A4F7556}") = "Task_13_3_5", "Task_13_3_5\Task_13_3_5.csproj", "{6C106677-9B0E-4959-9FED-1700EBC5D505}"
EndProject
Project("{FAE04EC0-301F-11D3-BF4B-00C04F79EFBC}") = "Task_13_3_8", "Task_13_3_8\Task_13_3_8.csproj", "{57C469D6-1A7C-4D03-9611-862D9687F077}"
EndProject
Project("{FAE04EC0-301F-11D3-BF4B-00C04F79EFBC}") = "Task_13_3_10", "Task_13_3_10\Task_13_3_10.csproj", "{2D58FD00-269E-444A-9E62-9920D657CC7F}"
EndProject
Project("{FAE04EC0-301F-11D3-BF4B-00C04F79EFBC}") = "Task_13_3_11", "Task_13_3_11\Task_13_3_11.csproj", "{8AFFA3BA-26FF-4BB7-8EE3-FC1CB7CC20B3}"
EndProject
Project("{FAE04EC0-301F-11D3-BF4B-00C04F79EFBC}") = "Task_13_3_12", "Task_13_3_12\Task_13_3_12.csproj", "{63770ACA-D4D7-4643-88BC-108C3797604F}"
EndProject
Project("{FAE04EC0-301F-11D3-BF4B-00C04F79EFBC}") = "Task_13_4_4", "Task_13_4_4\Task_13_4_4.csproj", "{54E74B3F-30AD-466C-88D0-F7F3AC4AD9A4}"
EndProject
Project("{FAE04EC0-301F-11D3-BF4B-00C04F79EFBC}") = "Task_13_4_5", "Task_13_4_5\Task_13_4_5.csproj", "{DAAD584A-1F45-485F-BC0F-44BC927A3CE1}"
EndProject
Project("{FAE04EC0-301F-11D3-BF4B-00C04F79EFBC}") = "Task_13_5_4", "Task_13_5_4\Task_13_5_4.csproj", "{ED3B0DE3-052F-45AE-9831-CB71BB0027A1}"
EndProject
Global
	GlobalSection(SolutionConfigurationPlatforms) = preSolution
		Debug|Any CPU = Debug|Any CPU
		Release|Any CPU = Release|Any CPU
	EndGlobalSection
	GlobalSection(ProjectConfigurationPlatforms) = postSolution
		{3B9D0225-97F5-4A76-A636-4612553FE1CD}.Debug|Any CPU.ActiveCfg = Debug|Any CPU
		{3B9D0225-97F5-4A76-A636-4612553FE1CD}.Debug|Any CPU.Build.0 = Debug|Any CPU
		{3B9D0225-97F5-4A76-A636-4612553FE1CD}.Release|Any CPU.ActiveCfg = Release|Any CPU
		{3B9D0225-97F5-4A76-A636-4612553FE1CD}.Release|Any CPU.Build.0 = Release|Any CPU
		{4E43D864-7C4C-429D-B9BF-362CDBD98C27}.Debug|Any CPU.ActiveCfg = Debug|Any CPU
		{4E43D864-7C4C-429D-B9BF-362CDBD98C27}.Debug|Any CPU.Build.0 = Debug|Any CPU
		{4E43D864-7C4C-429D-B9BF-362CDBD98C27}.Release|Any CPU.ActiveCfg = Release|Any CPU
		{4E43D864-7C4C-429D-B9BF-362CDBD98C27}.Release|Any CPU.Build.0 = Release|Any CPU
		{A8B501C6-23AE-4403-810A-5486C554966F}.Debug|Any CPU.ActiveCfg = Debug|Any CPU
		{A8B501C6-23AE-4403-810A-5486C554966F}.Debug|Any CPU.Build.0 = Debug|Any CPU
		{A8B501C6-23AE-4403-810A-5486C554966F}.Release|Any CPU.ActiveCfg = Release|Any CPU
		{A8B501C6-23AE-4403-810A-5486C554966F}.Release|Any CPU.Build.0 = Release|Any CPU
		{C6B721AC-258B-4387-BCCC-AF866F107C9F}.Debug|Any CPU.ActiveCfg = Debug|Any CPU
		{C6B721AC-258B-4387-BCCC-AF866F107C9F}.Debug|Any CPU.Build.0 = Debug|Any CPU
		{C6B721AC-258B-4387-BCCC-AF866F107C9F}.Release|Any CPU.ActiveCfg = Release|Any CPU
		{C6B721AC-258B-4387-BCCC-AF866F107C9F}.Release|Any CPU.Build.0 = Release|Any CPU
		{C703FEF7-AA31-4EA2-BE09-BA883366AB8B}.Debug|Any CPU.ActiveCfg = Debug|Any CPU
		{C703FEF7-AA31-4EA2-BE09-BA883366AB8B}.Debug|Any CPU.Build.0 = Debug|Any CPU
		{C703FEF7-AA31-4EA2-BE09-BA883366AB8B}.Release|Any CPU.ActiveCfg = Release|Any CPU
		{C703FEF7-AA31-4EA2-BE09-BA883366AB8B}.Release|Any CPU.Build.0 = Release|Any CPU
		{6C106677-9B0E-4959-9FED-1700EBC5D505}.Debug|Any CPU.ActiveCfg = Debug|Any CPU
		{6C106677-9B0E-4959-9FED-1700EBC5D505}.Debug|Any CPU.Build.0 = Debug|Any CPU
		{6C106677-9B0E-4959-9FED-1700EBC5D505}.Release|Any CPU.ActiveCfg = Release|Any CPU
		{6C106677-9B0E-4959-9FED-1700EBC5D505}.Release|Any CPU.Build.0 = Release|Any CPU
		{57C469D6-1A7C-4D03-9611-862D9687F077}.Debug|Any CPU.ActiveCfg = Debug|Any CPU
		{57C469D6-1A7C-4D03-9611-862D9687F077}.Debug|Any CPU.Build.0 = Debug|Any CPU
		{57C469D6-1A7C-4D03-9611-862D9687F077}.Release|Any CPU.ActiveCfg = Release|Any CPU
		{57C469D6-1A7C-4D03-9611-862D9687F077}.Release|Any CPU.Build.0 = Release|Any CPU
		{2D58FD00-269E-444A-9E62-9920D657CC7F}.Debug|Any CPU.ActiveCfg = Debug|Any CPU
		{2D58FD00-269E-444A-9E62-9920D657CC7F}.Debug|Any CPU.Build.0 = Debug|Any CPU
		{2D58FD00-269E-444A-9E62-9920D657CC7F}.Release|Any CPU.ActiveCfg = Release|Any CPU
		{2D58FD00-269E-444A-9E62-9920D657CC7F}.Release|Any CPU.Build.0 = Release|Any CPU
		{8AFFA3BA-26FF-4BB7-8EE3-FC1CB7CC20B3}.Debug|Any CPU.ActiveCfg = Debug|Any CPU
		{8AFFA3BA-26FF-4BB7-8EE3-FC1CB7CC20B3}.Debug|Any CPU.Build.0 = Debug|Any CPU
		{8AFFA3BA-26FF-4BB7-8EE3-FC1CB7CC20B3}.Release|Any CPU.ActiveCfg = Release|Any CPU
		{8AFFA3BA-26FF-4BB7-8EE3-FC1CB7CC20B3}.Release|Any CPU.Build.0 = Release|Any CPU
		{63770ACA-D4D7-4643-88BC-108C3797604F}.Debug|Any CPU.ActiveCfg = Debug|Any CPU
		{63770ACA-D4D7-4643-88BC-108C3797604F}.Debug|Any CPU.Build.0 = Debug|Any CPU
		{63770ACA-D4D7-4643-88BC-108C3797604F}.Release|Any CPU.ActiveCfg = Release|Any CPU
		{63770ACA-D4D7-4643-88BC-108C3797604F}.Release|Any CPU.Build.0 = Release|Any CPU
		{54E74B3F-30AD-466C-88D0-F7F3AC4AD9A4}.Debug|Any CPU.ActiveCfg = Debug|Any CPU
		{54E74B3F-30AD-466C-88D0-F7F3AC4AD9A4}.Debug|Any CPU.Build.0 = Debug|Any CPU
		{54E74B3F-30AD-466C-88D0-F7F3AC4AD9A4}.Release|Any CPU.ActiveCfg = Release|Any CPU
		{54E74B3F-30AD-466C-88D0-F7F3AC4AD9A4}.Release|Any CPU.Build.0 = Release|Any CPU
		{DAAD584A-1F45-485F-BC0F-44BC927A3CE1}.Debug|Any CPU.ActiveCfg = Debug|Any CPU
		{DAAD584A-1F45-485F-BC0F-44BC927A3CE1}.Debug|Any CPU.Build.0 = Debug|Any CPU
		{DAAD584A-1F45-485F-BC0F-44BC927A3CE1}.Release|Any CPU.ActiveCfg = Release|Any CPU
		{DAAD584A-1F45-485F-BC0F-44BC927A3CE1}.Release|Any CPU.Build.0 = Release|Any CPU
		{ED3B0DE3-052F-45AE-9831-CB71BB0027A1}.Debug|Any CPU.ActiveCfg = Debug|Any CPU
		{ED3B0DE3-052F-45AE-9831-CB71BB0027A1}.Debug|Any CPU.Build.0 = Debug|Any CPU
		{ED3B0DE3-052F-45AE-9831-CB71BB0027A1}.Release|Any CPU.ActiveCfg = Release|Any CPU
		{ED3B0DE3-052F-45AE-9831-CB71BB0027A1}.Release|Any CPU.Build.0 = Release|Any CPU
	EndGlobalSection
	GlobalSection(SolutionProperties) = preSolution
		HideSolutionNode = FALSE
	EndGlobalSection
	GlobalSection(ExtensibilityGlobals) = postSolution
		SolutionGuid = {3196CFB3-5B0F-49E8-AED3-F16E144A3858}
	EndGlobalSection
EndGlobal
